// !$*UTF8*$!
{
	archiveVersion = 1;
	classes = {
	};
	objectVersion = 77;
	objects = {

/* Begin PBXBuildFile section */
		030F82FE2DE987D500C6CF04 /* CoreVideo.framework in Frameworks */ = {isa = PBXBuildFile; fileRef = 030F82FD2DE987D500C6CF04 /* CoreVideo.framework */; };
		030F83002DE987DB00C6CF04 /* CoreMedia.framework in Frameworks */ = {isa = PBXBuildFile; fileRef = 030F82FF2DE987DB00C6CF04 /* CoreMedia.framework */; };
		030F83022DE987F100C6CF04 /* libz.tbd in Frameworks */ = {isa = PBXBuildFile; fileRef = 030F83012DE987EC00C6CF04 /* libz.tbd */; };
		030F83042DE987FE00C6CF04 /* libbz2.tbd in Frameworks */ = {isa = PBXBuildFile; fileRef = 030F83032DE987F600C6CF04 /* libbz2.tbd */; };
		030F83082DE9883E00C6CF04 /* VideoToolbox.framework in Frameworks */ = {isa = PBXBuildFile; fileRef = 030F83072DE9883E00C6CF04 /* VideoToolbox.framework */; };
		030F830A2DE9884900C6CF04 /* libxml2.tbd in Frameworks */ = {isa = PBXBuildFile; fileRef = 030F83092DE9884500C6CF04 /* libxml2.tbd */; };
		030F830C2DE9885400C6CF04 /* libiconv.tbd in Frameworks */ = {isa = PBXBuildFile; fileRef = 030F830B2DE9884F00C6CF04 /* libiconv.tbd */; };
		030F830E2DE9886400C6CF04 /* CoreImage.framework in Frameworks */ = {isa = PBXBuildFile; fileRef = 030F830D2DE9886400C6CF04 /* CoreImage.framework */; };
		030F83122DE9888200C6CF04 /* AudioToolbox.framework in Frameworks */ = {isa = PBXBuildFile; fileRef = 030F83112DE9888200C6CF04 /* AudioToolbox.framework */; };
		030F83142DE9888F00C6CF04 /* AVFoundation.framework in Frameworks */ = {isa = PBXBuildFile; fileRef = 030F83132DE9888F00C6CF04 /* AVFoundation.framework */; };
		030F83162DE9889D00C6CF04 /* CoreGraphics.framework in Frameworks */ = {isa = PBXBuildFile; fileRef = 030F83152DE9889D00C6CF04 /* CoreGraphics.framework */; };
		030F83182DE988AA00C6CF04 /* Metal.framework in Frameworks */ = {isa = PBXBuildFile; fileRef = 030F83172DE988AA00C6CF04 /* Metal.framework */; };
		030F83192DE988BB00C6CF04 /* MetalKit.framework in Frameworks */ = {isa = PBXBuildFile; fileRef = 030F83052DE9880A00C6CF04 /* MetalKit.framework */; };
		0D3F6D1E2DEB56F900500A07 /* YFFPlayer.h in Headers */ = {isa = PBXBuildFile; fileRef = 0D4D51182DEA23270009BB99 /* YFFPlayer.h */; };
		0D3F6D1F2DEB572000500A07 /* AudioDecoder.cpp in Sources */ = {isa = PBXBuildFile; fileRef = 0D4D50F12DEA23270009BB99 /* AudioDecoder.cpp */; };
		0D3F6D202DEB572000500A07 /* Demuxer.cpp in Sources */ = {isa = PBXBuildFile; fileRef = 0D4D50F62DEA23270009BB99 /* Demuxer.cpp */; };
		0D3F6D212DEB572000500A07 /* FrameQueue.cpp in Sources */ = {isa = PBXBuildFile; fileRef = 0D4D50FA2DEA23270009BB99 /* FrameQueue.cpp */; };
		0D3F6D222DEB572000500A07 /* PacketQueue.cpp in Sources */ = {isa = PBXBuildFile; fileRef = 0D4D50FE2DEA23270009BB99 /* PacketQueue.cpp */; };
		0D3F6D232DEB572000500A07 /* Player.cpp in Sources */ = {isa = PBXBuildFile; fileRef = 0D4D51002DEA23270009BB99 /* Player.cpp */; };
		0D3F6D242DEB572000500A07 /* AudioProcessor.cpp in Sources */ = {isa = PBXBuildFile; fileRef = 0D4D51032DEA23270009BB99 /* AudioProcessor.cpp */; };
		0D3F6D252DEB572000500A07 /* SyncManager.cpp in Sources */ = {isa = PBXBuildFile; fileRef = 0D4D51052DEA23270009BB99 /* SyncManager.cpp */; };
		0D3F6D262DEB572000500A07 /* VideoDecoder.cpp in Sources */ = {isa = PBXBuildFile; fileRef = 0D4D51072DEA23270009BB99 /* VideoDecoder.cpp */; };
		0D3F6D272DEB572000500A07 /* VideoFrame.cpp in Sources */ = {isa = PBXBuildFile; fileRef = 0D4D51092DEA23270009BB99 /* VideoFrame.cpp */; };
		0D3F6D292DEEDB2200500A07 /* Clock.h in Headers */ = {isa = PBXBuildFile; fileRef = 0D3F6D282DEEDB2000500A07 /* Clock.h */; };
		0D3F6D2A2DEEDB2200500A07 /* Clock.h in Headers */ = {isa = PBXBuildFile; fileRef = 0D3F6D282DEEDB2000500A07 /* Clock.h */; };
		0D3F9E5D2DF01C0600500A07 /* AudioFrame.cpp in Sources */ = {isa = PBXBuildFile; fileRef = 0D3F9E5C2DF01C0600500A07 /* AudioFrame.cpp */; };
		0D3F9E5E2DF01C0600500A07 /* AudioFrame.cpp in Sources */ = {isa = PBXBuildFile; fileRef = 0D3F9E5C2DF01C0600500A07 /* AudioFrame.cpp */; };
		0D4D51C02DEA23270009BB99 /* AudioDecoder.cpp in Sources */ = {isa = PBXBuildFile; fileRef = 0D4D50F12DEA23270009BB99 /* AudioDecoder.cpp */; };
		0D4D51C12DEA23270009BB99 /* Demuxer.cpp in Sources */ = {isa = PBXBuildFile; fileRef = 0D4D50F62DEA23270009BB99 /* Demuxer.cpp */; };
		0D4D51C22DEA23270009BB99 /* FrameQueue.cpp in Sources */ = {isa = PBXBuildFile; fileRef = 0D4D50FA2DEA23270009BB99 /* FrameQueue.cpp */; };
		0D4D51C32DEA23270009BB99 /* PacketQueue.cpp in Sources */ = {isa = PBXBuildFile; fileRef = 0D4D50FE2DEA23270009BB99 /* PacketQueue.cpp */; };
		0D4D51C42DEA23270009BB99 /* Player.cpp in Sources */ = {isa = PBXBuildFile; fileRef = 0D4D51002DEA23270009BB99 /* Player.cpp */; };
		0D4D51C52DEA23270009BB99 /* AudioProcessor.cpp in Sources */ = {isa = PBXBuildFile; fileRef = 0D4D51032DEA23270009BB99 /* AudioProcessor.cpp */; };
		0D4D51C62DEA23270009BB99 /* SyncManager.cpp in Sources */ = {isa = PBXBuildFile; fileRef = 0D4D51052DEA23270009BB99 /* SyncManager.cpp */; };
		0D4D51C72DEA23270009BB99 /* VideoDecoder.cpp in Sources */ = {isa = PBXBuildFile; fileRef = 0D4D51072DEA23270009BB99 /* VideoDecoder.cpp */; };
		0D4D51C82DEA23270009BB99 /* VideoFrame.cpp in Sources */ = {isa = PBXBuildFile; fileRef = 0D4D51092DEA23270009BB99 /* VideoFrame.cpp */; };
		0D4D51C92DEA23270009BB99 /* IOSAUAudioOutput.mm in Sources */ = {isa = PBXBuildFile; fileRef = 0D4D510D2DEA23270009BB99 /* IOSAUAudioOutput.mm */; };
		0D4D51CA2DEA23270009BB99 /* IOSAudioOutput.mm in Sources */ = {isa = PBXBuildFile; fileRef = 0D4D510F2DEA23270009BB99 /* IOSAudioOutput.mm */; };
		0D4D51CB2DEA23270009BB99 /* IOSCVPixelBufferVideoRenderer.mm in Sources */ = {isa = PBXBuildFile; fileRef = 0D4D51112DEA23270009BB99 /* IOSCVPixelBufferVideoRenderer.mm */; };
		0D4D51CC2DEA23270009BB99 /* IOSMTKVideoRenderer.mm in Sources */ = {isa = PBXBuildFile; fileRef = 0D4D51132DEA23270009BB99 /* IOSMTKVideoRenderer.mm */; };
		0D4D51CD2DEA23270009BB99 /* IOSVideoOutput.mm in Sources */ = {isa = PBXBuildFile; fileRef = 0D4D51152DEA23270009BB99 /* IOSVideoOutput.mm */; };
		0D4D51CE2DEA23270009BB99 /* VideoRenderer.metal in Sources */ = {isa = PBXBuildFile; fileRef = 0D4D51172DEA23270009BB99 /* VideoRenderer.metal */; };
		0D4D51CF2DEA23270009BB99 /* YFFPlayer.mm in Sources */ = {isa = PBXBuildFile; fileRef = 0D4D51192DEA23270009BB99 /* YFFPlayer.mm */; };
		0D4D51D02DEA23270009BB99 /* sonic.c in Sources */ = {isa = PBXBuildFile; fileRef = 0D4D51BA2DEA23270009BB99 /* sonic.c */; };
		0D4D51D12DEA23270009BB99 /* AudioDecoder.h in Headers */ = {isa = PBXBuildFile; fileRef = 0D4D50F02DEA23270009BB99 /* AudioDecoder.h */; };
		0D4D51D22DEA23270009BB99 /* AudioFrame.h in Headers */ = {isa = PBXBuildFile; fileRef = 0D4D50F22DEA23270009BB99 /* AudioFrame.h */; };
		0D4D51D32DEA23270009BB99 /* AudioOutput.h in Headers */ = {isa = PBXBuildFile; fileRef = 0D4D50F32DEA23270009BB99 /* AudioOutput.h */; };
		0D4D51D42DEA23270009BB99 /* Decoder.h in Headers */ = {isa = PBXBuildFile; fileRef = 0D4D50F42DEA23270009BB99 /* Decoder.h */; };
		0D4D51D52DEA23270009BB99 /* Demuxer.h in Headers */ = {isa = PBXBuildFile; fileRef = 0D4D50F52DEA23270009BB99 /* Demuxer.h */; };
		0D4D51D62DEA23270009BB99 /* DemuxerCallback.h in Headers */ = {isa = PBXBuildFile; fileRef = 0D4D50F72DEA23270009BB99 /* DemuxerCallback.h */; };
		0D4D51D72DEA23270009BB99 /* Error.h in Headers */ = {isa = PBXBuildFile; fileRef = 0D4D50F82DEA23270009BB99 /* Error.h */; };
		0D4D51D82DEA23270009BB99 /* FrameQueue.h in Headers */ = {isa = PBXBuildFile; fileRef = 0D4D50F92DEA23270009BB99 /* FrameQueue.h */; };
		0D4D51D92DEA23270009BB99 /* MediaInfo.h in Headers */ = {isa = PBXBuildFile; fileRef = 0D4D50FB2DEA23270009BB99 /* MediaInfo.h */; };
		0D4D51DA2DEA23270009BB99 /* Packet.h in Headers */ = {isa = PBXBuildFile; fileRef = 0D4D50FC2DEA23270009BB99 /* Packet.h */; };
		0D4D51DB2DEA23270009BB99 /* PacketQueue.h in Headers */ = {isa = PBXBuildFile; fileRef = 0D4D50FD2DEA23270009BB99 /* PacketQueue.h */; };
		0D4D51DC2DEA23270009BB99 /* Player.h in Headers */ = {isa = PBXBuildFile; fileRef = 0D4D50FF2DEA23270009BB99 /* Player.h */; };
		0D4D51DD2DEA23270009BB99 /* PlayerCallback.h in Headers */ = {isa = PBXBuildFile; fileRef = 0D4D51012DEA23270009BB99 /* PlayerCallback.h */; };
		0D4D51DE2DEA23270009BB99 /* AudioProcessor.h in Headers */ = {isa = PBXBuildFile; fileRef = 0D4D51022DEA23270009BB99 /* AudioProcessor.h */; };
		0D4D51E02DEA23270009BB99 /* VideoDecoder.h in Headers */ = {isa = PBXBuildFile; fileRef = 0D4D51062DEA23270009BB99 /* VideoDecoder.h */; };
		0D4D51E12DEA23270009BB99 /* VideoFrame.h in Headers */ = {isa = PBXBuildFile; fileRef = 0D4D51082DEA23270009BB99 /* VideoFrame.h */; };
		0D4D51E22DEA23270009BB99 /* VideoOutput.h in Headers */ = {isa = PBXBuildFile; fileRef = 0D4D510A2DEA23270009BB99 /* VideoOutput.h */; };
		0D4D51E32DEA23270009BB99 /* IOSAUAudioOutput.h in Headers */ = {isa = PBXBuildFile; fileRef = 0D4D510C2DEA23270009BB99 /* IOSAUAudioOutput.h */; };
		0D4D51E42DEA23270009BB99 /* IOSAudioOutput.h in Headers */ = {isa = PBXBuildFile; fileRef = 0D4D510E2DEA23270009BB99 /* IOSAudioOutput.h */; };
		0D4D51E52DEA23270009BB99 /* IOSCVPixelBufferVideoRenderer.h in Headers */ = {isa = PBXBuildFile; fileRef = 0D4D51102DEA23270009BB99 /* IOSCVPixelBufferVideoRenderer.h */; };
		0D4D51E62DEA23270009BB99 /* IOSMTKVideoRenderer.h in Headers */ = {isa = PBXBuildFile; fileRef = 0D4D51122DEA23270009BB99 /* IOSMTKVideoRenderer.h */; };
		0D4D51E72DEA23270009BB99 /* IOSVideoOutput.h in Headers */ = {isa = PBXBuildFile; fileRef = 0D4D51142DEA23270009BB99 /* IOSVideoOutput.h */; };
		0D4D51E82DEA23270009BB99 /* IOSVideoRendererProtocol.h in Headers */ = {isa = PBXBuildFile; fileRef = 0D4D51162DEA23270009BB99 /* IOSVideoRendererProtocol.h */; };
		0D4D51E92DEA23270009BB99 /* YFFPlayer.h in Headers */ = {isa = PBXBuildFile; fileRef = 0D4D51182DEA23270009BB99 /* YFFPlayer.h */; settings = {ATTRIBUTES = (Public, ); }; };
		0D4D52772DEA23270009BB99 /* sonic.h in Headers */ = {isa = PBXBuildFile; fileRef = 0D4D51B92DEA23270009BB99 /* sonic.h */; };
		0D4D56172DEA34290009BB99 /* SyncManager.h in Headers */ = {isa = PBXBuildFile; fileRef = 0D4D51042DEA23270009BB99 /* SyncManager.h */; };
		A1148BC02DEF1545008992FA /* FFmpeg.xcframework in Frameworks */ = {isa = PBXBuildFile; fileRef = 0D4D511D2DEA23270009BB99 /* FFmpeg.xcframework */; };
		A1148BC12DEF1545008992FA /* FFmpeg.xcframework in Embed Frameworks */ = {isa = PBXBuildFile; fileRef = 0D4D511D2DEA23270009BB99 /* FFmpeg.xcframework */; settings = {ATTRIBUTES = (CodeSignOnCopy, RemoveHeadersOnCopy, ); }; };
		A1148BC42DEF15BB008992FA /* AudioClock.h in Headers */ = {isa = PBXBuildFile; fileRef = A1148BC32DEF15B6008992FA /* AudioClock.h */; };
		A1148BC52DEF15BB008992FA /* AudioClock.h in Headers */ = {isa = PBXBuildFile; fileRef = A1148BC32DEF15B6008992FA /* AudioClock.h */; };
		A1148BC72DEF2800008992FA /* SystemTimeClock.h in Headers */ = {isa = PBXBuildFile; fileRef = A1148BC62DEF27F9008992FA /* SystemTimeClock.h */; };
		A1148BC82DEF2800008992FA /* SystemTimeClock.h in Headers */ = {isa = PBXBuildFile; fileRef = A1148BC62DEF27F9008992FA /* SystemTimeClock.h */; };
/* End PBXBuildFile section */

/* Begin PBXCopyFilesBuildPhase section */
		A1148BC22DEF1545008992FA /* Embed Frameworks */ = {
			isa = PBXCopyFilesBuildPhase;
			buildActionMask = 2147483647;
			dstPath = "";
			dstSubfolderSpec = 10;
			files = (
				A1148BC12DEF1545008992FA /* FFmpeg.xcframework in Embed Frameworks */,
			);
			name = "Embed Frameworks";
			runOnlyForDeploymentPostprocessing = 0;
		};
/* End PBXCopyFilesBuildPhase section */

/* Begin PBXFileReference section */
		030F82932DE9879800C6CF04 /* YFFPlayer.framework */ = {isa = PBXFileReference; explicitFileType = wrapper.framework; includeInIndex = 0; path = YFFPlayer.framework; sourceTree = BUILT_PRODUCTS_DIR; };
		030F82FD2DE987D500C6CF04 /* CoreVideo.framework */ = {isa = PBXFileReference; lastKnownFileType = wrapper.framework; name = CoreVideo.framework; path = Platforms/iPhoneOS.platform/Developer/SDKs/iPhoneOS18.4.sdk/System/Library/Frameworks/CoreVideo.framework; sourceTree = DEVELOPER_DIR; };
		030F82FF2DE987DB00C6CF04 /* CoreMedia.framework */ = {isa = PBXFileReference; lastKnownFileType = wrapper.framework; name = CoreMedia.framework; path = Platforms/iPhoneOS.platform/Developer/SDKs/iPhoneOS18.4.sdk/System/Library/Frameworks/CoreMedia.framework; sourceTree = DEVELOPER_DIR; };
		030F83012DE987EC00C6CF04 /* libz.tbd */ = {isa = PBXFileReference; lastKnownFileType = "sourcecode.text-based-dylib-definition"; name = libz.tbd; path = Platforms/iPhoneOS.platform/Developer/SDKs/iPhoneOS18.4.sdk/usr/lib/libz.tbd; sourceTree = DEVELOPER_DIR; };
		030F83032DE987F600C6CF04 /* libbz2.tbd */ = {isa = PBXFileReference; lastKnownFileType = "sourcecode.text-based-dylib-definition"; name = libbz2.tbd; path = Platforms/iPhoneOS.platform/Developer/SDKs/iPhoneOS18.4.sdk/usr/lib/libbz2.tbd; sourceTree = DEVELOPER_DIR; };
		030F83052DE9880A00C6CF04 /* MetalKit.framework */ = {isa = PBXFileReference; lastKnownFileType = wrapper.framework; name = MetalKit.framework; path = Platforms/iPhoneOS.platform/Developer/SDKs/iPhoneOS18.4.sdk/System/Library/Frameworks/MetalKit.framework; sourceTree = DEVELOPER_DIR; };
		030F83072DE9883E00C6CF04 /* VideoToolbox.framework */ = {isa = PBXFileReference; lastKnownFileType = wrapper.framework; name = VideoToolbox.framework; path = Platforms/iPhoneOS.platform/Developer/SDKs/iPhoneOS18.4.sdk/System/Library/Frameworks/VideoToolbox.framework; sourceTree = DEVELOPER_DIR; };
		030F83092DE9884500C6CF04 /* libxml2.tbd */ = {isa = PBXFileReference; lastKnownFileType = "sourcecode.text-based-dylib-definition"; name = libxml2.tbd; path = Platforms/iPhoneOS.platform/Developer/SDKs/iPhoneOS18.4.sdk/usr/lib/libxml2.tbd; sourceTree = DEVELOPER_DIR; };
		030F830B2DE9884F00C6CF04 /* libiconv.tbd */ = {isa = PBXFileReference; lastKnownFileType = "sourcecode.text-based-dylib-definition"; name = libiconv.tbd; path = Platforms/iPhoneOS.platform/Developer/SDKs/iPhoneOS18.4.sdk/usr/lib/libiconv.tbd; sourceTree = DEVELOPER_DIR; };
		030F830D2DE9886400C6CF04 /* CoreImage.framework */ = {isa = PBXFileReference; lastKnownFileType = wrapper.framework; name = CoreImage.framework; path = Platforms/iPhoneOS.platform/Developer/SDKs/iPhoneOS18.4.sdk/System/Library/Frameworks/CoreImage.framework; sourceTree = DEVELOPER_DIR; };
		030F830F2DE9887100C6CF04 /* CoreAudio.framework */ = {isa = PBXFileReference; lastKnownFileType = wrapper.framework; name = CoreAudio.framework; path = Platforms/iPhoneOS.platform/Developer/SDKs/iPhoneOS18.4.sdk/System/Library/Frameworks/CoreAudio.framework; sourceTree = DEVELOPER_DIR; };
		030F83112DE9888200C6CF04 /* AudioToolbox.framework */ = {isa = PBXFileReference; lastKnownFileType = wrapper.framework; name = AudioToolbox.framework; path = Platforms/iPhoneOS.platform/Developer/SDKs/iPhoneOS18.4.sdk/System/Library/Frameworks/AudioToolbox.framework; sourceTree = DEVELOPER_DIR; };
		030F83132DE9888F00C6CF04 /* AVFoundation.framework */ = {isa = PBXFileReference; lastKnownFileType = wrapper.framework; name = AVFoundation.framework; path = Platforms/iPhoneOS.platform/Developer/SDKs/iPhoneOS18.4.sdk/System/Library/Frameworks/AVFoundation.framework; sourceTree = DEVELOPER_DIR; };
		030F83152DE9889D00C6CF04 /* CoreGraphics.framework */ = {isa = PBXFileReference; lastKnownFileType = wrapper.framework; name = CoreGraphics.framework; path = Platforms/iPhoneOS.platform/Developer/SDKs/iPhoneOS18.4.sdk/System/Library/Frameworks/CoreGraphics.framework; sourceTree = DEVELOPER_DIR; };
		030F83172DE988AA00C6CF04 /* Metal.framework */ = {isa = PBXFileReference; lastKnownFileType = wrapper.framework; name = Metal.framework; path = Platforms/iPhoneOS.platform/Developer/SDKs/iPhoneOS18.4.sdk/System/Library/Frameworks/Metal.framework; sourceTree = DEVELOPER_DIR; };
		0D3F6D162DEB56C600500A07 /* YFFPlayer_macOS.framework */ = {isa = PBXFileReference; explicitFileType = wrapper.framework; includeInIndex = 0; path = YFFPlayer_macOS.framework; sourceTree = BUILT_PRODUCTS_DIR; };
		0D3F6D282DEEDB2000500A07 /* Clock.h */ = {isa = PBXFileReference; lastKnownFileType = sourcecode.c.h; path = Clock.h; sourceTree = "<group>"; };
		0D3F9E5C2DF01C0600500A07 /* AudioFrame.cpp */ = {isa = PBXFileReference; lastKnownFileType = sourcecode.cpp.cpp; path = AudioFrame.cpp; sourceTree = "<group>"; };
		0D4D50F02DEA23270009BB99 /* AudioDecoder.h */ = {isa = PBXFileReference; lastKnownFileType = sourcecode.c.h; path = AudioDecoder.h; sourceTree = "<group>"; };
		0D4D50F12DEA23270009BB99 /* AudioDecoder.cpp */ = {isa = PBXFileReference; lastKnownFileType = sourcecode.cpp.cpp; path = AudioDecoder.cpp; sourceTree = "<group>"; };
		0D4D50F22DEA23270009BB99 /* AudioFrame.h */ = {isa = PBXFileReference; lastKnownFileType = sourcecode.c.h; path = AudioFrame.h; sourceTree = "<group>"; };
		0D4D50F32DEA23270009BB99 /* AudioOutput.h */ = {isa = PBXFileReference; lastKnownFileType = sourcecode.c.h; path = AudioOutput.h; sourceTree = "<group>"; };
		0D4D50F42DEA23270009BB99 /* Decoder.h */ = {isa = PBXFileReference; lastKnownFileType = sourcecode.c.h; path = Decoder.h; sourceTree = "<group>"; };
		0D4D50F52DEA23270009BB99 /* Demuxer.h */ = {isa = PBXFileReference; lastKnownFileType = sourcecode.c.h; path = Demuxer.h; sourceTree = "<group>"; };
		0D4D50F62DEA23270009BB99 /* Demuxer.cpp */ = {isa = PBXFileReference; lastKnownFileType = sourcecode.cpp.cpp; path = Demuxer.cpp; sourceTree = "<group>"; };
		0D4D50F72DEA23270009BB99 /* DemuxerCallback.h */ = {isa = PBXFileReference; lastKnownFileType = sourcecode.c.h; path = DemuxerCallback.h; sourceTree = "<group>"; };
		0D4D50F82DEA23270009BB99 /* Error.h */ = {isa = PBXFileReference; lastKnownFileType = sourcecode.c.h; path = Error.h; sourceTree = "<group>"; };
		0D4D50F92DEA23270009BB99 /* FrameQueue.h */ = {isa = PBXFileReference; lastKnownFileType = sourcecode.c.h; path = FrameQueue.h; sourceTree = "<group>"; };
		0D4D50FA2DEA23270009BB99 /* FrameQueue.cpp */ = {isa = PBXFileReference; lastKnownFileType = sourcecode.cpp.cpp; path = FrameQueue.cpp; sourceTree = "<group>"; };
		0D4D50FB2DEA23270009BB99 /* MediaInfo.h */ = {isa = PBXFileReference; lastKnownFileType = sourcecode.c.h; path = MediaInfo.h; sourceTree = "<group>"; };
		0D4D50FC2DEA23270009BB99 /* Packet.h */ = {isa = PBXFileReference; lastKnownFileType = sourcecode.c.h; path = Packet.h; sourceTree = "<group>"; };
		0D4D50FD2DEA23270009BB99 /* PacketQueue.h */ = {isa = PBXFileReference; lastKnownFileType = sourcecode.c.h; path = PacketQueue.h; sourceTree = "<group>"; };
		0D4D50FE2DEA23270009BB99 /* PacketQueue.cpp */ = {isa = PBXFileReference; lastKnownFileType = sourcecode.cpp.cpp; path = PacketQueue.cpp; sourceTree = "<group>"; };
		0D4D50FF2DEA23270009BB99 /* Player.h */ = {isa = PBXFileReference; lastKnownFileType = sourcecode.c.h; path = Player.h; sourceTree = "<group>"; };
		0D4D51002DEA23270009BB99 /* Player.cpp */ = {isa = PBXFileReference; lastKnownFileType = sourcecode.cpp.cpp; path = Player.cpp; sourceTree = "<group>"; };
		0D4D51012DEA23270009BB99 /* PlayerCallback.h */ = {isa = PBXFileReference; lastKnownFileType = sourcecode.c.h; path = PlayerCallback.h; sourceTree = "<group>"; };
		0D4D51022DEA23270009BB99 /* AudioProcessor.h */ = {isa = PBXFileReference; lastKnownFileType = sourcecode.c.h; path = AudioProcessor.h; sourceTree = "<group>"; };
		0D4D51032DEA23270009BB99 /* AudioProcessor.cpp */ = {isa = PBXFileReference; lastKnownFileType = sourcecode.cpp.cpp; path = AudioProcessor.cpp; sourceTree = "<group>"; };
		0D4D51042DEA23270009BB99 /* SyncManager.h */ = {isa = PBXFileReference; lastKnownFileType = sourcecode.c.h; path = SyncManager.h; sourceTree = "<group>"; };
		0D4D51052DEA23270009BB99 /* SyncManager.cpp */ = {isa = PBXFileReference; lastKnownFileType = sourcecode.cpp.cpp; path = SyncManager.cpp; sourceTree = "<group>"; };
		0D4D51062DEA23270009BB99 /* VideoDecoder.h */ = {isa = PBXFileReference; lastKnownFileType = sourcecode.c.h; path = VideoDecoder.h; sourceTree = "<group>"; };
		0D4D51072DEA23270009BB99 /* VideoDecoder.cpp */ = {isa = PBXFileReference; lastKnownFileType = sourcecode.cpp.cpp; path = VideoDecoder.cpp; sourceTree = "<group>"; };
		0D4D51082DEA23270009BB99 /* VideoFrame.h */ = {isa = PBXFileReference; lastKnownFileType = sourcecode.c.h; path = VideoFrame.h; sourceTree = "<group>"; };
		0D4D51092DEA23270009BB99 /* VideoFrame.cpp */ = {isa = PBXFileReference; lastKnownFileType = sourcecode.cpp.cpp; path = VideoFrame.cpp; sourceTree = "<group>"; };
		0D4D510A2DEA23270009BB99 /* VideoOutput.h */ = {isa = PBXFileReference; lastKnownFileType = sourcecode.c.h; path = VideoOutput.h; sourceTree = "<group>"; };
		0D4D510C2DEA23270009BB99 /* IOSAUAudioOutput.h */ = {isa = PBXFileReference; lastKnownFileType = sourcecode.c.h; path = IOSAUAudioOutput.h; sourceTree = "<group>"; };
		0D4D510D2DEA23270009BB99 /* IOSAUAudioOutput.mm */ = {isa = PBXFileReference; lastKnownFileType = sourcecode.cpp.objcpp; path = IOSAUAudioOutput.mm; sourceTree = "<group>"; };
		0D4D510E2DEA23270009BB99 /* IOSAudioOutput.h */ = {isa = PBXFileReference; lastKnownFileType = sourcecode.c.h; path = IOSAudioOutput.h; sourceTree = "<group>"; };
		0D4D510F2DEA23270009BB99 /* IOSAudioOutput.mm */ = {isa = PBXFileReference; lastKnownFileType = sourcecode.cpp.objcpp; path = IOSAudioOutput.mm; sourceTree = "<group>"; };
		0D4D51102DEA23270009BB99 /* IOSCVPixelBufferVideoRenderer.h */ = {isa = PBXFileReference; lastKnownFileType = sourcecode.c.h; path = IOSCVPixelBufferVideoRenderer.h; sourceTree = "<group>"; };
		0D4D51112DEA23270009BB99 /* IOSCVPixelBufferVideoRenderer.mm */ = {isa = PBXFileReference; lastKnownFileType = sourcecode.cpp.objcpp; path = IOSCVPixelBufferVideoRenderer.mm; sourceTree = "<group>"; };
		0D4D51122DEA23270009BB99 /* IOSMTKVideoRenderer.h */ = {isa = PBXFileReference; lastKnownFileType = sourcecode.c.h; path = IOSMTKVideoRenderer.h; sourceTree = "<group>"; };
		0D4D51132DEA23270009BB99 /* IOSMTKVideoRenderer.mm */ = {isa = PBXFileReference; lastKnownFileType = sourcecode.cpp.objcpp; path = IOSMTKVideoRenderer.mm; sourceTree = "<group>"; };
		0D4D51142DEA23270009BB99 /* IOSVideoOutput.h */ = {isa = PBXFileReference; lastKnownFileType = sourcecode.c.h; path = IOSVideoOutput.h; sourceTree = "<group>"; };
		0D4D51152DEA23270009BB99 /* IOSVideoOutput.mm */ = {isa = PBXFileReference; lastKnownFileType = sourcecode.cpp.objcpp; path = IOSVideoOutput.mm; sourceTree = "<group>"; };
		0D4D51162DEA23270009BB99 /* IOSVideoRendererProtocol.h */ = {isa = PBXFileReference; lastKnownFileType = sourcecode.c.h; path = IOSVideoRendererProtocol.h; sourceTree = "<group>"; };
		0D4D51172DEA23270009BB99 /* VideoRenderer.metal */ = {isa = PBXFileReference; lastKnownFileType = sourcecode.metal; path = VideoRenderer.metal; sourceTree = "<group>"; };
		0D4D51182DEA23270009BB99 /* YFFPlayer.h */ = {isa = PBXFileReference; lastKnownFileType = sourcecode.c.h; path = YFFPlayer.h; sourceTree = "<group>"; };
		0D4D51192DEA23270009BB99 /* YFFPlayer.mm */ = {isa = PBXFileReference; lastKnownFileType = sourcecode.cpp.objcpp; path = YFFPlayer.mm; sourceTree = "<group>"; };
		0D4D511D2DEA23270009BB99 /* FFmpeg.xcframework */ = {isa = PBXFileReference; lastKnownFileType = wrapper.xcframework; path = FFmpeg.xcframework; sourceTree = "<group>"; };
		0D4D51B92DEA23270009BB99 /* sonic.h */ = {isa = PBXFileReference; lastKnownFileType = sourcecode.c.h; path = sonic.h; sourceTree = "<group>"; };
		0D4D51BA2DEA23270009BB99 /* sonic.c */ = {isa = PBXFileReference; lastKnownFileType = sourcecode.c.c; path = sonic.c; sourceTree = "<group>"; };
		0D4D52BB2DEA24F90009BB99 /* libffmpeg.a */ = {isa = PBXFileReference; lastKnownFileType = archive.ar; name = libffmpeg.a; path = YFFPlayer/Vendor/FFmpeg/macOS/lib/libffmpeg.a; sourceTree = "<group>"; };
		0D4D560F2DEA2CFC0009BB99 /* VideoToolbox.framework */ = {isa = PBXFileReference; lastKnownFileType = wrapper.framework; name = VideoToolbox.framework; path = System/Library/Frameworks/VideoToolbox.framework; sourceTree = SDKROOT; };
		0D4D56342DEA34E30009BB99 /* libc++.tbd */ = {isa = PBXFileReference; lastKnownFileType = "sourcecode.text-based-dylib-definition"; name = "libc++.tbd"; path = "usr/lib/libc++.tbd"; sourceTree = SDKROOT; };
		0D4D56362DEA34F70009BB99 /* Foundation.framework */ = {isa = PBXFileReference; lastKnownFileType = wrapper.framework; name = Foundation.framework; path = System/Library/Frameworks/Foundation.framework; sourceTree = SDKROOT; };
		A1148BC32DEF15B6008992FA /* AudioClock.h */ = {isa = PBXFileReference; lastKnownFileType = sourcecode.c.h; path = AudioClock.h; sourceTree = "<group>"; };
		A1148BC62DEF27F9008992FA /* SystemTimeClock.h */ = {isa = PBXFileReference; lastKnownFileType = sourcecode.c.h; path = SystemTimeClock.h; sourceTree = "<group>"; };
/* End PBXFileReference section */

/* Begin PBXFrameworksBuildPhase section */
		030F82902DE9879800C6CF04 /* Frameworks */ = {
			isa = PBXFrameworksBuildPhase;
			buildActionMask = 2147483647;
			files = (
				030F83162DE9889D00C6CF04 /* CoreGraphics.framework in Frameworks */,
				030F83002DE987DB00C6CF04 /* CoreMedia.framework in Frameworks */,
				030F83182DE988AA00C6CF04 /* Metal.framework in Frameworks */,
				030F83082DE9883E00C6CF04 /* VideoToolbox.framework in Frameworks */,
				030F83042DE987FE00C6CF04 /* libbz2.tbd in Frameworks */,
				030F83192DE988BB00C6CF04 /* MetalKit.framework in Frameworks */,
				030F83122DE9888200C6CF04 /* AudioToolbox.framework in Frameworks */,
				030F83022DE987F100C6CF04 /* libz.tbd in Frameworks */,
				030F830A2DE9884900C6CF04 /* libxml2.tbd in Frameworks */,
				030F830C2DE9885400C6CF04 /* libiconv.tbd in Frameworks */,
				030F83142DE9888F00C6CF04 /* AVFoundation.framework in Frameworks */,
				030F830E2DE9886400C6CF04 /* CoreImage.framework in Frameworks */,
				A1148BC02DEF1545008992FA /* FFmpeg.xcframework in Frameworks */,
				030F82FE2DE987D500C6CF04 /* CoreVideo.framework in Frameworks */,
			);
			runOnlyForDeploymentPostprocessing = 0;
		};
		0D3F6D132DEB56C600500A07 /* Frameworks */ = {
			isa = PBXFrameworksBuildPhase;
			buildActionMask = 2147483647;
			files = (
			);
			runOnlyForDeploymentPostprocessing = 0;
		};
/* End PBXFrameworksBuildPhase section */

/* Begin PBXGroup section */
		030F82892DE9879800C6CF04 = {
			isa = PBXGroup;
			children = (
				0D4D51BD2DEA23270009BB99 /* YFFPlayer */,
				030F82FC2DE987D500C6CF04 /* Frameworks */,
				030F82942DE9879800C6CF04 /* Products */,
			);
			sourceTree = "<group>";
		};
		030F82942DE9879800C6CF04 /* Products */ = {
			isa = PBXGroup;
			children = (
				030F82932DE9879800C6CF04 /* YFFPlayer.framework */,
				0D3F6D162DEB56C600500A07 /* YFFPlayer_macOS.framework */,
			);
			name = Products;
			sourceTree = "<group>";
		};
		030F82FC2DE987D500C6CF04 /* Frameworks */ = {
			isa = PBXGroup;
			children = (
				0D4D56362DEA34F70009BB99 /* Foundation.framework */,
				0D4D56342DEA34E30009BB99 /* libc++.tbd */,
				0D4D560F2DEA2CFC0009BB99 /* VideoToolbox.framework */,
				0D4D52BB2DEA24F90009BB99 /* libffmpeg.a */,
				030F83172DE988AA00C6CF04 /* Metal.framework */,
				030F83152DE9889D00C6CF04 /* CoreGraphics.framework */,
				030F83132DE9888F00C6CF04 /* AVFoundation.framework */,
				030F83112DE9888200C6CF04 /* AudioToolbox.framework */,
				030F830F2DE9887100C6CF04 /* CoreAudio.framework */,
				030F830D2DE9886400C6CF04 /* CoreImage.framework */,
				030F830B2DE9884F00C6CF04 /* libiconv.tbd */,
				030F83092DE9884500C6CF04 /* libxml2.tbd */,
				030F83072DE9883E00C6CF04 /* VideoToolbox.framework */,
				030F83052DE9880A00C6CF04 /* MetalKit.framework */,
				030F83032DE987F600C6CF04 /* libbz2.tbd */,
				030F83012DE987EC00C6CF04 /* libz.tbd */,
				030F82FF2DE987DB00C6CF04 /* CoreMedia.framework */,
				030F82FD2DE987D500C6CF04 /* CoreVideo.framework */,
			);
			name = Frameworks;
			sourceTree = "<group>";
		};
		0D4D510B2DEA23270009BB99 /* Core */ = {
			isa = PBXGroup;
			children = (
				0D4D50F02DEA23270009BB99 /* AudioDecoder.h */,
				0D4D50F12DEA23270009BB99 /* AudioDecoder.cpp */,
				0D4D50F22DEA23270009BB99 /* AudioFrame.h */,
				0D3F9E5C2DF01C0600500A07 /* AudioFrame.cpp */,
				0D4D50F32DEA23270009BB99 /* AudioOutput.h */,
				0D3F6D282DEEDB2000500A07 /* Clock.h */,
				A1148BC32DEF15B6008992FA /* AudioClock.h */,
				A1148BC62DEF27F9008992FA /* SystemTimeClock.h */,
				0D4D50F42DEA23270009BB99 /* Decoder.h */,
				0D4D50F52DEA23270009BB99 /* Demuxer.h */,
				0D4D50F62DEA23270009BB99 /* Demuxer.cpp */,
				0D4D50F72DEA23270009BB99 /* DemuxerCallback.h */,
				0D4D50F82DEA23270009BB99 /* Error.h */,
				0D4D50F92DEA23270009BB99 /* FrameQueue.h */,
				0D4D50FA2DEA23270009BB99 /* FrameQueue.cpp */,
				0D4D50FB2DEA23270009BB99 /* MediaInfo.h */,
				0D4D50FC2DEA23270009BB99 /* Packet.h */,
				0D4D50FD2DEA23270009BB99 /* PacketQueue.h */,
				0D4D50FE2DEA23270009BB99 /* PacketQueue.cpp */,
				0D4D50FF2DEA23270009BB99 /* Player.h */,
				0D4D51002DEA23270009BB99 /* Player.cpp */,
				0D4D51012DEA23270009BB99 /* PlayerCallback.h */,
				0D4D51022DEA23270009BB99 /* AudioProcessor.h */,
				0D4D51032DEA23270009BB99 /* AudioProcessor.cpp */,
				0D4D51042DEA23270009BB99 /* SyncManager.h */,
				0D4D51052DEA23270009BB99 /* SyncManager.cpp */,
				0D4D51062DEA23270009BB99 /* VideoDecoder.h */,
				0D4D51072DEA23270009BB99 /* VideoDecoder.cpp */,
				0D4D51082DEA23270009BB99 /* VideoFrame.h */,
				0D4D51092DEA23270009BB99 /* VideoFrame.cpp */,
				0D4D510A2DEA23270009BB99 /* VideoOutput.h */,
			);
			path = Core;
			sourceTree = "<group>";
		};
		0D4D511A2DEA23270009BB99 /* iOS */ = {
			isa = PBXGroup;
			children = (
				0D4D510C2DEA23270009BB99 /* IOSAUAudioOutput.h */,
				0D4D510D2DEA23270009BB99 /* IOSAUAudioOutput.mm */,
				0D4D510E2DEA23270009BB99 /* IOSAudioOutput.h */,
				0D4D510F2DEA23270009BB99 /* IOSAudioOutput.mm */,
				0D4D51102DEA23270009BB99 /* IOSCVPixelBufferVideoRenderer.h */,
				0D4D51112DEA23270009BB99 /* IOSCVPixelBufferVideoRenderer.mm */,
				0D4D51122DEA23270009BB99 /* IOSMTKVideoRenderer.h */,
				0D4D51132DEA23270009BB99 /* IOSMTKVideoRenderer.mm */,
				0D4D51142DEA23270009BB99 /* IOSVideoOutput.h */,
				0D4D51152DEA23270009BB99 /* IOSVideoOutput.mm */,
				0D4D51162DEA23270009BB99 /* IOSVideoRendererProtocol.h */,
				0D4D51172DEA23270009BB99 /* VideoRenderer.metal */,
				0D4D51182DEA23270009BB99 /* YFFPlayer.h */,
				0D4D51192DEA23270009BB99 /* YFFPlayer.mm */,
			);
			path = iOS;
			sourceTree = "<group>";
		};
		0D4D511B2DEA23270009BB99 /* Apple */ = {
			isa = PBXGroup;
			children = (
				0D4D511A2DEA23270009BB99 /* iOS */,
			);
			path = Apple;
			sourceTree = "<group>";
		};
		0D4D511C2DEA23270009BB99 /* Platform */ = {
			isa = PBXGroup;
			children = (
				0D4D511B2DEA23270009BB99 /* Apple */,
			);
			path = Platform;
			sourceTree = "<group>";
		};
		0D4D511E2DEA23270009BB99 /* iOS */ = {
			isa = PBXGroup;
			children = (
				0D4D511D2DEA23270009BB99 /* FFmpeg.xcframework */,
			);
			path = iOS;
			sourceTree = "<group>";
		};
		0D4D51B82DEA23270009BB99 /* FFmpeg */ = {
			isa = PBXGroup;
			children = (
				0D4D511E2DEA23270009BB99 /* iOS */,
			);
			path = FFmpeg;
			sourceTree = "<group>";
		};
		0D4D51BB2DEA23270009BB99 /* sonic */ = {
			isa = PBXGroup;
			children = (
				0D4D51B92DEA23270009BB99 /* sonic.h */,
				0D4D51BA2DEA23270009BB99 /* sonic.c */,
			);
			path = sonic;
			sourceTree = "<group>";
		};
		0D4D51BC2DEA23270009BB99 /* Vendor */ = {
			isa = PBXGroup;
			children = (
				0D4D51B82DEA23270009BB99 /* FFmpeg */,
				0D4D51BB2DEA23270009BB99 /* sonic */,
			);
			path = Vendor;
			sourceTree = "<group>";
		};
		0D4D51BD2DEA23270009BB99 /* YFFPlayer */ = {
			isa = PBXGroup;
			children = (
				0D4D510B2DEA23270009BB99 /* Core */,
				0D4D511C2DEA23270009BB99 /* Platform */,
				0D4D51BC2DEA23270009BB99 /* Vendor */,
			);
			path = YFFPlayer;
			sourceTree = "<group>";
		};
/* End PBXGroup section */

/* Begin PBXHeadersBuildPhase section */
		030F828E2DE9879800C6CF04 /* Headers */ = {
			isa = PBXHeadersBuildPhase;
			buildActionMask = 2147483647;
			files = (
				0D4D51D12DEA23270009BB99 /* AudioDecoder.h in Headers */,
				0D4D51D22DEA23270009BB99 /* AudioFrame.h in Headers */,
				0D4D51D32DEA23270009BB99 /* AudioOutput.h in Headers */,
				0D4D51D42DEA23270009BB99 /* Decoder.h in Headers */,
				0D4D51D52DEA23270009BB99 /* Demuxer.h in Headers */,
				0D4D56172DEA34290009BB99 /* SyncManager.h in Headers */,
				A1148BC42DEF15BB008992FA /* AudioClock.h in Headers */,
				0D4D51D62DEA23270009BB99 /* DemuxerCallback.h in Headers */,
				0D4D51D72DEA23270009BB99 /* Error.h in Headers */,
				0D4D51D82DEA23270009BB99 /* FrameQueue.h in Headers */,
				0D4D51D92DEA23270009BB99 /* MediaInfo.h in Headers */,
				0D4D51DA2DEA23270009BB99 /* Packet.h in Headers */,
				0D4D51DB2DEA23270009BB99 /* PacketQueue.h in Headers */,
				0D4D51DC2DEA23270009BB99 /* Player.h in Headers */,
				A1148BC82DEF2800008992FA /* SystemTimeClock.h in Headers */,
				0D4D51DD2DEA23270009BB99 /* PlayerCallback.h in Headers */,
				0D4D51DE2DEA23270009BB99 /* AudioProcessor.h in Headers */,
				0D4D51E02DEA23270009BB99 /* VideoDecoder.h in Headers */,
				0D4D51E12DEA23270009BB99 /* VideoFrame.h in Headers */,
				0D4D51E22DEA23270009BB99 /* VideoOutput.h in Headers */,
				0D4D51E32DEA23270009BB99 /* IOSAUAudioOutput.h in Headers */,
				0D4D51E42DEA23270009BB99 /* IOSAudioOutput.h in Headers */,
				0D4D51E52DEA23270009BB99 /* IOSCVPixelBufferVideoRenderer.h in Headers */,
				0D3F6D2A2DEEDB2200500A07 /* Clock.h in Headers */,
				0D4D51E62DEA23270009BB99 /* IOSMTKVideoRenderer.h in Headers */,
				0D4D51E72DEA23270009BB99 /* IOSVideoOutput.h in Headers */,
				0D4D51E82DEA23270009BB99 /* IOSVideoRendererProtocol.h in Headers */,
				0D4D51E92DEA23270009BB99 /* YFFPlayer.h in Headers */,
				0D4D52772DEA23270009BB99 /* sonic.h in Headers */,
			);
			runOnlyForDeploymentPostprocessing = 0;
		};
		0D3F6D112DEB56C600500A07 /* Headers */ = {
			isa = PBXHeadersBuildPhase;
			buildActionMask = 2147483647;
			files = (
				0D3F6D1E2DEB56F900500A07 /* YFFPlayer.h in Headers */,
				A1148BC52DEF15BB008992FA /* AudioClock.h in Headers */,
				0D3F6D292DEEDB2200500A07 /* Clock.h in Headers */,
				A1148BC72DEF2800008992FA /* SystemTimeClock.h in Headers */,
			);
			runOnlyForDeploymentPostprocessing = 0;
		};
/* End PBXHeadersBuildPhase section */

/* Begin PBXNativeTarget section */
		030F82922DE9879800C6CF04 /* YFFPlayer iOS */ = {
			isa = PBXNativeTarget;
			buildConfigurationList = 030F829A2DE9879800C6CF04 /* Build configuration list for PBXNativeTarget "YFFPlayer iOS" */;
			buildPhases = (
				030F828E2DE9879800C6CF04 /* Headers */,
				030F828F2DE9879800C6CF04 /* Sources */,
				030F82902DE9879800C6CF04 /* Frameworks */,
				030F82912DE9879800C6CF04 /* Resources */,
				A1148BC22DEF1545008992FA /* Embed Frameworks */,
			);
			buildRules = (
			);
			dependencies = (
			);
			name = "YFFPlayer iOS";
			packageProductDependencies = (
			);
			productName = YFFPlayer;
			productReference = 030F82932DE9879800C6CF04 /* YFFPlayer.framework */;
			productType = "com.apple.product-type.framework";
		};
		0D3F6D152DEB56C600500A07 /* YFFPlayer macOS */ = {
			isa = PBXNativeTarget;
			buildConfigurationList = 0D3F6D1B2DEB56C600500A07 /* Build configuration list for PBXNativeTarget "YFFPlayer macOS" */;
			buildPhases = (
				0D3F6D112DEB56C600500A07 /* Headers */,
				0D3F6D122DEB56C600500A07 /* Sources */,
				0D3F6D132DEB56C600500A07 /* Frameworks */,
				0D3F6D142DEB56C600500A07 /* Resources */,
			);
			buildRules = (
			);
			dependencies = (
			);
			name = "YFFPlayer macOS";
			packageProductDependencies = (
			);
			productName = "YFFPlayer macOS";
			productReference = 0D3F6D162DEB56C600500A07 /* YFFPlayer_macOS.framework */;
			productType = "com.apple.product-type.framework";
		};
/* End PBXNativeTarget section */

/* Begin PBXProject section */
		030F828A2DE9879800C6CF04 /* Project object */ = {
			isa = PBXProject;
			attributes = {
				BuildIndependentTargetsInParallel = 1;
				LastSwiftUpdateCheck = 1630;
				LastUpgradeCheck = 1630;
				TargetAttributes = {
					030F82922DE9879800C6CF04 = {
						CreatedOnToolsVersion = 16.3;
					};
					0D3F6D152DEB56C600500A07 = {
						CreatedOnToolsVersion = 16.4;
					};
				};
			};
			buildConfigurationList = 030F828D2DE9879800C6CF04 /* Build configuration list for PBXProject "YFFPlayer" */;
			developmentRegion = en;
			hasScannedForEncodings = 0;
			knownRegions = (
				en,
				Base,
			);
			mainGroup = 030F82892DE9879800C6CF04;
			minimizedProjectReferenceProxies = 1;
			preferredProjectObjectVersion = 77;
			productRefGroup = 030F82942DE9879800C6CF04 /* Products */;
			projectDirPath = "";
			projectRoot = "";
			targets = (
				030F82922DE9879800C6CF04 /* YFFPlayer iOS */,
				0D3F6D152DEB56C600500A07 /* YFFPlayer macOS */,
			);
		};
/* End PBXProject section */

/* Begin PBXResourcesBuildPhase section */
		030F82912DE9879800C6CF04 /* Resources */ = {
			isa = PBXResourcesBuildPhase;
			buildActionMask = 2147483647;
			files = (
			);
			runOnlyForDeploymentPostprocessing = 0;
		};
		0D3F6D142DEB56C600500A07 /* Resources */ = {
			isa = PBXResourcesBuildPhase;
			buildActionMask = 2147483647;
			files = (
			);
			runOnlyForDeploymentPostprocessing = 0;
		};
/* End PBXResourcesBuildPhase section */

/* Begin PBXSourcesBuildPhase section */
		030F828F2DE9879800C6CF04 /* Sources */ = {
			isa = PBXSourcesBuildPhase;
			buildActionMask = 2147483647;
			files = (
				0D3F9E5D2DF01C0600500A07 /* AudioFrame.cpp in Sources */,
				0D4D51C02DEA23270009BB99 /* AudioDecoder.cpp in Sources */,
				0D4D51C12DEA23270009BB99 /* Demuxer.cpp in Sources */,
				0D4D51C22DEA23270009BB99 /* FrameQueue.cpp in Sources */,
				0D4D51C32DEA23270009BB99 /* PacketQueue.cpp in Sources */,
				0D4D51C42DEA23270009BB99 /* Player.cpp in Sources */,
				0D4D51C52DEA23270009BB99 /* AudioProcessor.cpp in Sources */,
				0D4D51C62DEA23270009BB99 /* SyncManager.cpp in Sources */,
				0D4D51C72DEA23270009BB99 /* VideoDecoder.cpp in Sources */,
				0D4D51C82DEA23270009BB99 /* VideoFrame.cpp in Sources */,
				0D4D51C92DEA23270009BB99 /* IOSAUAudioOutput.mm in Sources */,
				0D4D51CA2DEA23270009BB99 /* IOSAudioOutput.mm in Sources */,
				0D4D51CB2DEA23270009BB99 /* IOSCVPixelBufferVideoRenderer.mm in Sources */,
				0D4D51CC2DEA23270009BB99 /* IOSMTKVideoRenderer.mm in Sources */,
				0D4D51CD2DEA23270009BB99 /* IOSVideoOutput.mm in Sources */,
				0D4D51CE2DEA23270009BB99 /* VideoRenderer.metal in Sources */,
				0D4D51CF2DEA23270009BB99 /* YFFPlayer.mm in Sources */,
				0D4D51D02DEA23270009BB99 /* sonic.c in Sources */,
			);
			runOnlyForDeploymentPostprocessing = 0;
		};
		0D3F6D122DEB56C600500A07 /* Sources */ = {
			isa = PBXSourcesBuildPhase;
			buildActionMask = 2147483647;
			files = (
				0D3F6D1F2DEB572000500A07 /* AudioDecoder.cpp in Sources */,
				0D3F6D202DEB572000500A07 /* Demuxer.cpp in Sources */,
				0D3F9E5E2DF01C0600500A07 /* AudioFrame.cpp in Sources */,
				0D3F6D212DEB572000500A07 /* FrameQueue.cpp in Sources */,
				0D3F6D222DEB572000500A07 /* PacketQueue.cpp in Sources */,
				0D3F6D232DEB572000500A07 /* Player.cpp in Sources */,
				0D3F6D242DEB572000500A07 /* AudioProcessor.cpp in Sources */,
				0D3F6D252DEB572000500A07 /* SyncManager.cpp in Sources */,
				0D3F6D262DEB572000500A07 /* VideoDecoder.cpp in Sources */,
				0D3F6D272DEB572000500A07 /* VideoFrame.cpp in Sources */,
			);
			runOnlyForDeploymentPostprocessing = 0;
		};
/* End PBXSourcesBuildPhase section */

/* Begin XCBuildConfiguration section */
		030F82982DE9879800C6CF04 /* Debug */ = {
			isa = XCBuildConfiguration;
			buildSettings = {
				ALWAYS_SEARCH_USER_PATHS = NO;
				ASSETCATALOG_COMPILER_GENERATE_SWIFT_ASSET_SYMBOL_EXTENSIONS = YES;
				CLANG_ANALYZER_NONNULL = YES;
				CLANG_ANALYZER_NUMBER_OBJECT_CONVERSION = YES_AGGRESSIVE;
				CLANG_CXX_LANGUAGE_STANDARD = "gnu++20";
				CLANG_ENABLE_MODULES = YES;
				CLANG_ENABLE_OBJC_ARC = YES;
				CLANG_ENABLE_OBJC_WEAK = YES;
				CLANG_WARN_BLOCK_CAPTURE_AUTORELEASING = YES;
				CLANG_WARN_BOOL_CONVERSION = YES;
				CLANG_WARN_COMMA = YES;
				CLANG_WARN_CONSTANT_CONVERSION = YES;
				CLANG_WARN_DEPRECATED_OBJC_IMPLEMENTATIONS = YES;
				CLANG_WARN_DIRECT_OBJC_ISA_USAGE = YES_ERROR;
				CLANG_WARN_DOCUMENTATION_COMMENTS = YES;
				CLANG_WARN_EMPTY_BODY = YES;
				CLANG_WARN_ENUM_CONVERSION = YES;
				CLANG_WARN_INFINITE_RECURSION = YES;
				CLANG_WARN_INT_CONVERSION = YES;
				CLANG_WARN_NON_LITERAL_NULL_CONVERSION = YES;
				CLANG_WARN_OBJC_IMPLICIT_RETAIN_SELF = YES;
				CLANG_WARN_OBJC_LITERAL_CONVERSION = YES;
				CLANG_WARN_OBJC_ROOT_CLASS = YES_ERROR;
				CLANG_WARN_QUOTED_INCLUDE_IN_FRAMEWORK_HEADER = YES;
				CLANG_WARN_RANGE_LOOP_ANALYSIS = YES;
				CLANG_WARN_STRICT_PROTOTYPES = YES;
				CLANG_WARN_SUSPICIOUS_MOVE = YES;
				CLANG_WARN_UNGUARDED_AVAILABILITY = YES_AGGRESSIVE;
				CLANG_WARN_UNREACHABLE_CODE = YES;
				CLANG_WARN__DUPLICATE_METHOD_MATCH = YES;
				COPY_PHASE_STRIP = NO;
				CURRENT_PROJECT_VERSION = 1;
				DEBUG_INFORMATION_FORMAT = dwarf;
				ENABLE_STRICT_OBJC_MSGSEND = YES;
				ENABLE_TESTABILITY = YES;
				ENABLE_USER_SCRIPT_SANDBOXING = YES;
				GCC_C_LANGUAGE_STANDARD = gnu17;
				GCC_DYNAMIC_NO_PIC = NO;
				GCC_NO_COMMON_BLOCKS = YES;
				GCC_OPTIMIZATION_LEVEL = 0;
				GCC_PREPROCESSOR_DEFINITIONS = (
					"DEBUG=1",
					"$(inherited)",
				);
				GCC_WARN_64_TO_32_BIT_CONVERSION = YES;
				GCC_WARN_ABOUT_RETURN_TYPE = YES_ERROR;
				GCC_WARN_UNDECLARED_SELECTOR = YES;
				GCC_WARN_UNINITIALIZED_AUTOS = YES_AGGRESSIVE;
				GCC_WARN_UNUSED_FUNCTION = YES;
				GCC_WARN_UNUSED_VARIABLE = YES;
				LOCALIZATION_PREFERS_STRING_CATALOGS = YES;
				MTL_ENABLE_DEBUG_INFO = INCLUDE_SOURCE;
				MTL_FAST_MATH = YES;
				ONLY_ACTIVE_ARCH = YES;
				SWIFT_ACTIVE_COMPILATION_CONDITIONS = "DEBUG $(inherited)";
				SWIFT_OPTIMIZATION_LEVEL = "-Onone";
				VERSIONING_SYSTEM = "apple-generic";
				VERSION_INFO_PREFIX = "";
			};
			name = Debug;
		};
		030F82992DE9879800C6CF04 /* Release */ = {
			isa = XCBuildConfiguration;
			buildSettings = {
				ALWAYS_SEARCH_USER_PATHS = NO;
				ASSETCATALOG_COMPILER_GENERATE_SWIFT_ASSET_SYMBOL_EXTENSIONS = YES;
				CLANG_ANALYZER_NONNULL = YES;
				CLANG_ANALYZER_NUMBER_OBJECT_CONVERSION = YES_AGGRESSIVE;
				CLANG_CXX_LANGUAGE_STANDARD = "gnu++20";
				CLANG_ENABLE_MODULES = YES;
				CLANG_ENABLE_OBJC_ARC = YES;
				CLANG_ENABLE_OBJC_WEAK = YES;
				CLANG_WARN_BLOCK_CAPTURE_AUTORELEASING = YES;
				CLANG_WARN_BOOL_CONVERSION = YES;
				CLANG_WARN_COMMA = YES;
				CLANG_WARN_CONSTANT_CONVERSION = YES;
				CLANG_WARN_DEPRECATED_OBJC_IMPLEMENTATIONS = YES;
				CLANG_WARN_DIRECT_OBJC_ISA_USAGE = YES_ERROR;
				CLANG_WARN_DOCUMENTATION_COMMENTS = YES;
				CLANG_WARN_EMPTY_BODY = YES;
				CLANG_WARN_ENUM_CONVERSION = YES;
				CLANG_WARN_INFINITE_RECURSION = YES;
				CLANG_WARN_INT_CONVERSION = YES;
				CLANG_WARN_NON_LITERAL_NULL_CONVERSION = YES;
				CLANG_WARN_OBJC_IMPLICIT_RETAIN_SELF = YES;
				CLANG_WARN_OBJC_LITERAL_CONVERSION = YES;
				CLANG_WARN_OBJC_ROOT_CLASS = YES_ERROR;
				CLANG_WARN_QUOTED_INCLUDE_IN_FRAMEWORK_HEADER = YES;
				CLANG_WARN_RANGE_LOOP_ANALYSIS = YES;
				CLANG_WARN_STRICT_PROTOTYPES = YES;
				CLANG_WARN_SUSPICIOUS_MOVE = YES;
				CLANG_WARN_UNGUARDED_AVAILABILITY = YES_AGGRESSIVE;
				CLANG_WARN_UNREACHABLE_CODE = YES;
				CLANG_WARN__DUPLICATE_METHOD_MATCH = YES;
				COPY_PHASE_STRIP = NO;
				CURRENT_PROJECT_VERSION = 1;
				DEBUG_INFORMATION_FORMAT = "dwarf-with-dsym";
				ENABLE_NS_ASSERTIONS = NO;
				ENABLE_STRICT_OBJC_MSGSEND = YES;
				ENABLE_USER_SCRIPT_SANDBOXING = YES;
				GCC_C_LANGUAGE_STANDARD = gnu17;
				GCC_NO_COMMON_BLOCKS = YES;
				GCC_WARN_64_TO_32_BIT_CONVERSION = YES;
				GCC_WARN_ABOUT_RETURN_TYPE = YES_ERROR;
				GCC_WARN_UNDECLARED_SELECTOR = YES;
				GCC_WARN_UNINITIALIZED_AUTOS = YES_AGGRESSIVE;
				GCC_WARN_UNUSED_FUNCTION = YES;
				GCC_WARN_UNUSED_VARIABLE = YES;
				LOCALIZATION_PREFERS_STRING_CATALOGS = YES;
				MTL_ENABLE_DEBUG_INFO = NO;
				MTL_FAST_MATH = YES;
				SWIFT_COMPILATION_MODE = wholemodule;
				VERSIONING_SYSTEM = "apple-generic";
				VERSION_INFO_PREFIX = "";
			};
			name = Release;
		};
		030F829B2DE9879800C6CF04 /* Debug */ = {
			isa = XCBuildConfiguration;
			buildSettings = {
				ALLOW_TARGET_PLATFORM_SPECIALIZATION = YES;
				BUILD_LIBRARY_FOR_DISTRIBUTION = YES;
				CLANG_WARN_DOCUMENTATION_COMMENTS = NO;
				CODE_SIGN_STYLE = Automatic;
				CURRENT_PROJECT_VERSION = 1;
				DEFINES_MODULE = YES;
				DYLIB_COMPATIBILITY_VERSION = 1;
				DYLIB_CURRENT_VERSION = 1;
				DYLIB_INSTALL_NAME_BASE = "@rpath";
				ENABLE_MODULE_VERIFIER = YES;
				GENERATE_INFOPLIST_FILE = YES;
				INFOPLIST_KEY_NSHumanReadableCopyright = "";
				INSTALL_PATH = "$(LOCAL_LIBRARY_DIR)/Frameworks";
				IPHONEOS_DEPLOYMENT_TARGET = 15.0;
				LD_RUNPATH_SEARCH_PATHS = (
					"@executable_path/Frameworks",
					"@loader_path/Frameworks",
				);
				"LD_RUNPATH_SEARCH_PATHS[sdk=macosx*]" = (
					"@executable_path/../Frameworks",
					"@loader_path/Frameworks",
				);
				LIBRARY_SEARCH_PATHS = (
					"$(inherited)",
					"$(PROJECT_DIR)/YFFPlayer/Vendor/FFmpeg/macOS/lib",
				);
				MACOSX_DEPLOYMENT_TARGET = 13.0;
				MARKETING_VERSION = 1.0;
				MODULE_VERIFIER_SUPPORTED_LANGUAGES = "objective-c objective-c++";
				MODULE_VERIFIER_SUPPORTED_LANGUAGE_STANDARDS = "gnu17 gnu++20";
				PRODUCT_BUNDLE_IDENTIFIER = com.yl.YFFPlayer.YFFPlayer;
				PRODUCT_NAME = YFFPlayer;
				REGISTER_APP_GROUPS = YES;
				SDKROOT = auto;
				SKIP_INSTALL = YES;
				SUPPORTED_PLATFORMS = "iphoneos iphonesimulator";
				SUPPORTS_MACCATALYST = NO;
				SWIFT_EMIT_LOC_STRINGS = YES;
				SWIFT_INSTALL_MODULE = YES;
				SWIFT_INSTALL_OBJC_HEADER = NO;
				SWIFT_VERSION = 5.0;
				TARGETED_DEVICE_FAMILY = "1,2";
				XROS_DEPLOYMENT_TARGET = 2.4;
			};
			name = Debug;
		};
		030F829C2DE9879800C6CF04 /* Release */ = {
			isa = XCBuildConfiguration;
			buildSettings = {
				ALLOW_TARGET_PLATFORM_SPECIALIZATION = YES;
				BUILD_LIBRARY_FOR_DISTRIBUTION = YES;
				CLANG_WARN_DOCUMENTATION_COMMENTS = NO;
				CODE_SIGN_STYLE = Automatic;
				CURRENT_PROJECT_VERSION = 1;
				DEFINES_MODULE = YES;
				DYLIB_COMPATIBILITY_VERSION = 1;
				DYLIB_CURRENT_VERSION = 1;
				DYLIB_INSTALL_NAME_BASE = "@rpath";
				ENABLE_MODULE_VERIFIER = YES;
				GENERATE_INFOPLIST_FILE = YES;
				INFOPLIST_KEY_NSHumanReadableCopyright = "";
				INSTALL_PATH = "$(LOCAL_LIBRARY_DIR)/Frameworks";
				IPHONEOS_DEPLOYMENT_TARGET = 15.0;
				LD_RUNPATH_SEARCH_PATHS = (
					"@executable_path/Frameworks",
					"@loader_path/Frameworks",
				);
				"LD_RUNPATH_SEARCH_PATHS[sdk=macosx*]" = (
					"@executable_path/../Frameworks",
					"@loader_path/Frameworks",
				);
				LIBRARY_SEARCH_PATHS = (
					"$(inherited)",
					"$(PROJECT_DIR)/YFFPlayer/Vendor/FFmpeg/macOS/lib",
				);
				MACOSX_DEPLOYMENT_TARGET = 13.0;
				MARKETING_VERSION = 1.0;
				MODULE_VERIFIER_SUPPORTED_LANGUAGES = "objective-c objective-c++";
				MODULE_VERIFIER_SUPPORTED_LANGUAGE_STANDARDS = "gnu17 gnu++20";
				PRODUCT_BUNDLE_IDENTIFIER = com.yl.YFFPlayer.YFFPlayer;
				PRODUCT_NAME = YFFPlayer;
				REGISTER_APP_GROUPS = YES;
				SDKROOT = auto;
				SKIP_INSTALL = YES;
				SUPPORTED_PLATFORMS = "iphoneos iphonesimulator";
				SUPPORTS_MACCATALYST = NO;
				SWIFT_EMIT_LOC_STRINGS = YES;
				SWIFT_INSTALL_MODULE = YES;
				SWIFT_INSTALL_OBJC_HEADER = NO;
				SWIFT_VERSION = 5.0;
				TARGETED_DEVICE_FAMILY = "1,2";
				XROS_DEPLOYMENT_TARGET = 2.4;
			};
			name = Release;
		};
		0D3F6D1C2DEB56C600500A07 /* Debug */ = {
			isa = XCBuildConfiguration;
			buildSettings = {
				CODE_SIGN_STYLE = Automatic;
				COMBINE_HIDPI_IMAGES = YES;
				CURRENT_PROJECT_VERSION = 1;
				DEFINES_MODULE = YES;
				DYLIB_COMPATIBILITY_VERSION = 1;
				DYLIB_CURRENT_VERSION = 1;
				DYLIB_INSTALL_NAME_BASE = "@rpath";
				ENABLE_MODULE_VERIFIER = YES;
				GENERATE_INFOPLIST_FILE = YES;
				HEADER_SEARCH_PATHS = (
					"\"$(SRCROOT)/scripts/macOS/ffmpeg-build/arm64-macos/include/libavcodec\"",
					"\"$(SRCROOT)/scripts/macOS/ffmpeg-build/arm64-macos/include/libavdevice\"",
					"\"$(SRCROOT)/scripts/macOS/ffmpeg-build/arm64-macos/include/libavfilter\"",
					"\"$(SRCROOT)/scripts/macOS/ffmpeg-build/arm64-macos/include/libavformat\"",
					"\"$(SRCROOT)/scripts/macOS/ffmpeg-build/arm64-macos/include/libavutil\"",
					"\"$(SRCROOT)/scripts/macOS/ffmpeg-build/arm64-macos/include/libpostproc\"",
					"\"$(SRCROOT)/scripts/macOS/ffmpeg-build/arm64-macos/include/libswresample\"",
					"\"$(SRCROOT)/scripts/macOS/ffmpeg-build/arm64-macos/include/libswscale\"",
				);
				INFOPLIST_KEY_NSHumanReadableCopyright = "";
				INSTALL_PATH = "$(LOCAL_LIBRARY_DIR)/Frameworks";
				LD_RUNPATH_SEARCH_PATHS = (
					"$(inherited)",
					"@executable_path/../Frameworks",
					"@loader_path/Frameworks",
				);
				MACOSX_DEPLOYMENT_TARGET = 15.5;
				MARKETING_VERSION = 1.0;
				MODULE_VERIFIER_SUPPORTED_LANGUAGES = "objective-c objective-c++";
				MODULE_VERIFIER_SUPPORTED_LANGUAGE_STANDARDS = "gnu17 gnu++20";
				PRODUCT_BUNDLE_IDENTIFIER = "ttx.YFFPlayer-macOS";
				PRODUCT_NAME = "$(TARGET_NAME:c99extidentifier)";
				SDKROOT = macosx;
				SKIP_INSTALL = YES;
				SWIFT_EMIT_LOC_STRINGS = YES;
			};
			name = Debug;
		};
		0D3F6D1D2DEB56C600500A07 /* Release */ = {
			isa = XCBuildConfiguration;
			buildSettings = {
				CODE_SIGN_STYLE = Automatic;
				COMBINE_HIDPI_IMAGES = YES;
				CURRENT_PROJECT_VERSION = 1;
				DEFINES_MODULE = YES;
				DYLIB_COMPATIBILITY_VERSION = 1;
				DYLIB_CURRENT_VERSION = 1;
				DYLIB_INSTALL_NAME_BASE = "@rpath";
				ENABLE_MODULE_VERIFIER = YES;
				GENERATE_INFOPLIST_FILE = YES;
				HEADER_SEARCH_PATHS = (
					"\"$(SRCROOT)/scripts/macOS/ffmpeg-build/arm64-macos/include/libavcodec\"",
					"\"$(SRCROOT)/scripts/macOS/ffmpeg-build/arm64-macos/include/libavdevice\"",
					"\"$(SRCROOT)/scripts/macOS/ffmpeg-build/arm64-macos/include/libavfilter\"",
					"\"$(SRCROOT)/scripts/macOS/ffmpeg-build/arm64-macos/include/libavformat\"",
					"\"$(SRCROOT)/scripts/macOS/ffmpeg-build/arm64-macos/include/libavutil\"",
					"\"$(SRCROOT)/scripts/macOS/ffmpeg-build/arm64-macos/include/libpostproc\"",
					"\"$(SRCROOT)/scripts/macOS/ffmpeg-build/arm64-macos/include/libswresample\"",
					"\"$(SRCROOT)/scripts/macOS/ffmpeg-build/arm64-macos/include/libswscale\"",
				);
				INFOPLIST_KEY_NSHumanReadableCopyright = "";
				INSTALL_PATH = "$(LOCAL_LIBRARY_DIR)/Frameworks";
				LD_RUNPATH_SEARCH_PATHS = (
					"$(inherited)",
					"@executable_path/../Frameworks",
					"@loader_path/Frameworks",
				);
				MACOSX_DEPLOYMENT_TARGET = 15.5;
				MARKETING_VERSION = 1.0;
				MODULE_VERIFIER_SUPPORTED_LANGUAGES = "objective-c objective-c++";
				MODULE_VERIFIER_SUPPORTED_LANGUAGE_STANDARDS = "gnu17 gnu++20";
				PRODUCT_BUNDLE_IDENTIFIER = "ttx.YFFPlayer-macOS";
				PRODUCT_NAME = "$(TARGET_NAME:c99extidentifier)";
				SDKROOT = macosx;
				SKIP_INSTALL = YES;
				SWIFT_EMIT_LOC_STRINGS = YES;
			};
			name = Release;
		};
/* End XCBuildConfiguration section */

/* Begin XCConfigurationList section */
		030F828D2DE9879800C6CF04 /* Build configuration list for PBXProject "YFFPlayer" */ = {
			isa = XCConfigurationList;
			buildConfigurations = (
				030F82982DE9879800C6CF04 /* Debug */,
				030F82992DE9879800C6CF04 /* Release */,
			);
			defaultConfigurationIsVisible = 0;
			defaultConfigurationName = Release;
		};
		030F829A2DE9879800C6CF04 /* Build configuration list for PBXNativeTarget "YFFPlayer iOS" */ = {
			isa = XCConfigurationList;
			buildConfigurations = (
				030F829B2DE9879800C6CF04 /* Debug */,
				030F829C2DE9879800C6CF04 /* Release */,
			);
			defaultConfigurationIsVisible = 0;
			defaultConfigurationName = Release;
		};
		0D3F6D1B2DEB56C600500A07 /* Build configuration list for PBXNativeTarget "YFFPlayer macOS" */ = {
			isa = XCConfigurationList;
			buildConfigurations = (
				0D3F6D1C2DEB56C600500A07 /* Debug */,
				0D3F6D1D2DEB56C600500A07 /* Release */,
			);
			defaultConfigurationIsVisible = 0;
			defaultConfigurationName = Release;
		};
/* End XCConfigurationList section */
	};
	rootObject = 030F828A2DE9879800C6CF04 /* Project object */;
}
