// !$*UTF8*$!
{
	archiveVersion = 1;
	classes = {
	};
	objectVersion = 77;
	objects = {

/* Begin PBXBuildFile section */
		030F84692DE98F5B00C6CF04 /* YFFPlayer.framework in Frameworks */ = {isa = PBXBuildFile; fileRef = 030F84682DE98F5B00C6CF04 /* YFFPlayer.framework */; };
		030F846A2DE98F5B00C6CF04 /* YFFPlayer.framework in Embed Frameworks */ = {isa = PBXBuildFile; fileRef = 030F84682DE98F5B00C6CF04 /* YFFPlayer.framework */; settings = {ATTRIBUTES = (CodeSignOnCopy, RemoveHeadersOnCopy, ); }; };
		030F84762DE9915300C6CF04 /* m.avi in Resources */ = {isa = PBXBuildFile; fileRef = 030F84722DE9913F00C6CF04 /* m.avi */; };
		030F84772DE9915300C6CF04 /* m_264.mp4 in Resources */ = {isa = PBXBuildFile; fileRef = 030F84732DE9913F00C6CF04 /* m_264.mp4 */; };
		030F84782DE9915300C6CF04 /* m_an.avi in Resources */ = {isa = PBXBuildFile; fileRef = 030F84742DE9913F00C6CF04 /* m_an.avi */; };
/* End PBXBuildFile section */

/* Begin PBXContainerItemProxy section */
		030F84F02DE9930A00C6CF04 /* PBXContainerItemProxy */ = {
			isa = PBXContainerItemProxy;
			containerPortal = 030F84892DE992FF00C6CF04 /* YFFPlayer.xcodeproj */;
			proxyType = 1;
			remoteGlobalIDString = 030F82922DE9879800C6CF04;
			remoteInfo = YFFPlayer;
		};
/* End PBXContainerItemProxy section */

/* Begin PBXCopyFilesBuildPhase section */
		030F846B2DE98F5B00C6CF04 /* Embed Frameworks */ = {
			isa = PBXCopyFilesBuildPhase;
			buildActionMask = 2147483647;
			dstPath = "";
			dstSubfolderSpec = 10;
			files = (
				030F846A2DE98F5B00C6CF04 /* YFFPlayer.framework in Embed Frameworks */,
			);
			name = "Embed Frameworks";
			runOnlyForDeploymentPostprocessing = 0;
		};
/* End PBXCopyFilesBuildPhase section */

/* Begin PBXFileReference section */
		030F84292DE98F1A00C6CF04 /* Example-iOS.app */ = {isa = PBXFileReference; explicitFileType = wrapper.application; includeInIndex = 0; path = "Example-iOS.app"; sourceTree = BUILT_PRODUCTS_DIR; };
		030F84682DE98F5B00C6CF04 /* YFFPlayer.framework */ = {isa = PBXFileReference; explicitFileType = wrapper.framework; path = YFFPlayer.framework; sourceTree = BUILT_PRODUCTS_DIR; };
		030F84722DE9913F00C6CF04 /* m.avi */ = {isa = PBXFileReference; lastKnownFileType = video.avi; path = m.avi; sourceTree = "<group>"; };
		030F84732DE9913F00C6CF04 /* m_264.mp4 */ = {isa = PBXFileReference; lastKnownFileType = file; path = m_264.mp4; sourceTree = "<group>"; };
		030F84742DE9913F00C6CF04 /* m_an.avi */ = {isa = PBXFileReference; lastKnownFileType = video.avi; path = m_an.avi; sourceTree = "<group>"; };
		030F84892DE992FF00C6CF04 /* YFFPlayer.xcodeproj */ = {isa = PBXFileReference; lastKnownFileType = "wrapper.pb-project"; name = YFFPlayer.xcodeproj; path = ../../YFFPlayer.xcodeproj; sourceTree = "<absolute>"; };
/* End PBXFileReference section */

/* Begin PBXFileSystemSynchronizedBuildFileExceptionSet section */
		030F843B2DE98F1C00C6CF04 /* Exceptions for "Example-iOS" folder in "Example-iOS" target */ = {
			isa = PBXFileSystemSynchronizedBuildFileExceptionSet;
			membershipExceptions = (
				Info.plist,
			);
			target = 030F84282DE98F1A00C6CF04 /* Example-iOS */;
		};
/* End PBXFileSystemSynchronizedBuildFileExceptionSet section */

/* Begin PBXFileSystemSynchronizedRootGroup section */
		030F842B2DE98F1A00C6CF04 /* Example-iOS */ = {
			isa = PBXFileSystemSynchronizedRootGroup;
			exceptions = (
				030F843B2DE98F1C00C6CF04 /* Exceptions for "Example-iOS" folder in "Example-iOS" target */,
			);
			path = "Example-iOS";
			sourceTree = "<group>";
		};
/* End PBXFileSystemSynchronizedRootGroup section */

/* Begin PBXFrameworksBuildPhase section */
		030F84262DE98F1A00C6CF04 /* Frameworks */ = {
			isa = PBXFrameworksBuildPhase;
			buildActionMask = 2147483647;
			files = (
				030F84692DE98F5B00C6CF04 /* YFFPlayer.framework in Frameworks */,
			);
			runOnlyForDeploymentPostprocessing = 0;
		};
/* End PBXFrameworksBuildPhase section */

/* Begin PBXGroup section */
		030F84202DE98F1A00C6CF04 = {
			isa = PBXGroup;
			children = (
				030F84752DE9913F00C6CF04 /* Resources */,
				030F842B2DE98F1A00C6CF04 /* Example-iOS */,
				030F84672DE98F5B00C6CF04 /* Frameworks */,
				030F842A2DE98F1A00C6CF04 /* Products */,
				030F84892DE992FF00C6CF04 /* YFFPlayer.xcodeproj */,
			);
			sourceTree = "<group>";
		};
		030F842A2DE98F1A00C6CF04 /* Products */ = {
			isa = PBXGroup;
			children = (
				030F84292DE98F1A00C6CF04 /* Example-iOS.app */,
			);
			name = Products;
			sourceTree = "<group>";
		};
		030F84672DE98F5B00C6CF04 /* Frameworks */ = {
			isa = PBXGroup;
			children = (
				030F84682DE98F5B00C6CF04 /* YFFPlayer.framework */,
			);
			name = Frameworks;
			sourceTree = "<group>";
		};
		030F84752DE9913F00C6CF04 /* Resources */ = {
			isa = PBXGroup;
			children = (
				030F84722DE9913F00C6CF04 /* m.avi */,
				030F84732DE9913F00C6CF04 /* m_264.mp4 */,
				030F84742DE9913F00C6CF04 /* m_an.avi */,
			);
			name = Resources;
			path = ../Resources;
			sourceTree = "<group>";
		};
		030F84EB2DE992FF00C6CF04 /* Products */ = {
			isa = PBXGroup;
			children = (
			);
			name = Products;
			sourceTree = "<group>";
		};
/* End PBXGroup section */

/* Begin PBXNativeTarget section */
		030F84282DE98F1A00C6CF04 /* Example-iOS */ = {
			isa = PBXNativeTarget;
			buildConfigurationList = 030F843C2DE98F1C00C6CF04 /* Build configuration list for PBXNativeTarget "Example-iOS" */;
			buildPhases = (
				030F84252DE98F1A00C6CF04 /* Sources */,
				030F84262DE98F1A00C6CF04 /* Frameworks */,
				030F84272DE98F1A00C6CF04 /* Resources */,
				030F846B2DE98F5B00C6CF04 /* Embed Frameworks */,
			);
			buildRules = (
			);
			dependencies = (
				030F84F12DE9930A00C6CF04 /* PBXTargetDependency */,
			);
			fileSystemSynchronizedGroups = (
				030F842B2DE98F1A00C6CF04 /* Example-iOS */,
			);
			name = "Example-iOS";
			packageProductDependencies = (
			);
			productName = "Example-iOS";
			productReference = 030F84292DE98F1A00C6CF04 /* Example-iOS.app */;
			productType = "com.apple.product-type.application";
		};
/* End PBXNativeTarget section */

/* Begin PBXProject section */
		030F84212DE98F1A00C6CF04 /* Project object */ = {
			isa = PBXProject;
			attributes = {
				BuildIndependentTargetsInParallel = 1;
				LastSwiftUpdateCheck = 1630;
				LastUpgradeCheck = 1630;
				TargetAttributes = {
					030F84282DE98F1A00C6CF04 = {
						CreatedOnToolsVersion = 16.3;
					};
				};
			};
			buildConfigurationList = 030F84242DE98F1A00C6CF04 /* Build configuration list for PBXProject "Example-iOS" */;
			developmentRegion = en;
			hasScannedForEncodings = 0;
			knownRegions = (
				en,
				Base,
			);
			mainGroup = 030F84202DE98F1A00C6CF04;
			minimizedProjectReferenceProxies = 1;
			preferredProjectObjectVersion = 77;
			productRefGroup = 030F842A2DE98F1A00C6CF04 /* Products */;
			projectDirPath = "";
			projectReferences = (
				{
					ProductGroup = 030F84EB2DE992FF00C6CF04 /* Products */;
					ProjectRef = 030F84892DE992FF00C6CF04 /* YFFPlayer.xcodeproj */;
				},
			);
			projectRoot = "";
			targets = (
				030F84282DE98F1A00C6CF04 /* Example-iOS */,
			);
		};
/* End PBXProject section */

/* Begin PBXResourcesBuildPhase section */
		030F84272DE98F1A00C6CF04 /* Resources */ = {
			isa = PBXResourcesBuildPhase;
			buildActionMask = 2147483647;
			files = (
				030F84762DE9915300C6CF04 /* m.avi in Resources */,
				030F84772DE9915300C6CF04 /* m_264.mp4 in Resources */,
				030F84782DE9915300C6CF04 /* m_an.avi in Resources */,
			);
			runOnlyForDeploymentPostprocessing = 0;
		};
/* End PBXResourcesBuildPhase section */

/* Begin PBXSourcesBuildPhase section */
		030F84252DE98F1A00C6CF04 /* Sources */ = {
			isa = PBXSourcesBuildPhase;
			buildActionMask = 2147483647;
			files = (
			);
			runOnlyForDeploymentPostprocessing = 0;
		};
/* End PBXSourcesBuildPhase section */

/* Begin PBXTargetDependency section */
		030F84F12DE9930A00C6CF04 /* PBXTargetDependency */ = {
			isa = PBXTargetDependency;
			name = YFFPlayer;
			targetProxy = 030F84F02DE9930A00C6CF04 /* PBXContainerItemProxy */;
		};
/* End PBXTargetDependency section */

/* Begin XCBuildConfiguration section */
		030F843D2DE98F1C00C6CF04 /* Debug */ = {
			isa = XCBuildConfiguration;
			buildSettings = {
				ASSETCATALOG_COMPILER_APPICON_NAME = AppIcon;
				ASSETCATALOG_COMPILER_GLOBAL_ACCENT_COLOR_NAME = AccentColor;
				CODE_SIGN_STYLE = Automatic;
				CURRENT_PROJECT_VERSION = 1;
				DEVELOPMENT_TEAM = 38BP9ZUSA2;
				GENERATE_INFOPLIST_FILE = YES;
				INFOPLIST_FILE = "Example-iOS/Info.plist";
				INFOPLIST_KEY_UIApplicationSupportsIndirectInputEvents = YES;
				INFOPLIST_KEY_UILaunchStoryboardName = LaunchScreen;
				INFOPLIST_KEY_UIMainStoryboardFile = Main;
				INFOPLIST_KEY_UISupportedInterfaceOrientations_iPad = "UIInterfaceOrientationPortrait UIInterfaceOrientationPortraitUpsideDown UIInterfaceOrientationLandscapeLeft UIInterfaceOrientationLandscapeRight";
				INFOPLIST_KEY_UISupportedInterfaceOrientations_iPhone = "UIInterfaceOrientationPortrait UIInterfaceOrientationLandscapeLeft UIInterfaceOrientationLandscapeRight";
				IPHONEOS_DEPLOYMENT_TARGET = 15.6;
				LD_RUNPATH_SEARCH_PATHS = (
					"$(inherited)",
					"@executable_path/Frameworks",
				);
				MARKETING_VERSION = 1.0;
				PRODUCT_BUNDLE_IDENTIFIER = "com.yl.YFFPlayer.Example-iOS";
				PRODUCT_NAME = "$(TARGET_NAME)";
				SWIFT_EMIT_LOC_STRINGS = YES;
				SWIFT_VERSION = 5.0;
				TARGETED_DEVICE_FAMILY = "1,2";
			};
			name = Debug;
		};
		030F843E2DE98F1C00C6CF04 /* Release */ = {
			isa = XCBuildConfiguration;
			buildSettings = {
				ASSETCATALOG_COMPILER_APPICON_NAME = AppIcon;
				ASSETCATALOG_COMPILER_GLOBAL_ACCENT_COLOR_NAME = AccentColor;
				CODE_SIGN_STYLE = Automatic;
				CURRENT_PROJECT_VERSION = 1;
				DEVELOPMENT_TEAM = 38BP9ZUSA2;
				GENERATE_INFOPLIST_FILE = YES;
				INFOPLIST_FILE = "Example-iOS/Info.plist";
				INFOPLIST_KEY_UIApplicationSupportsIndirectInputEvents = YES;
				INFOPLIST_KEY_UILaunchStoryboardName = LaunchScreen;
				INFOPLIST_KEY_UIMainStoryboardFile = Main;
				INFOPLIST_KEY_UISupportedInterfaceOrientations_iPad = "UIInterfaceOrientationPortrait UIInterfaceOrientationPortraitUpsideDown UIInterfaceOrientationLandscapeLeft UIInterfaceOrientationLandscapeRight";
				INFOPLIST_KEY_UISupportedInterfaceOrientations_iPhone = "UIInterfaceOrientationPortrait UIInterfaceOrientationLandscapeLeft UIInterfaceOrientationLandscapeRight";
				IPHONEOS_DEPLOYMENT_TARGET = 15.6;
				LD_RUNPATH_SEARCH_PATHS = (
					"$(inherited)",
					"@executable_path/Frameworks",
				);
				MARKETING_VERSION = 1.0;
				PRODUCT_BUNDLE_IDENTIFIER = "com.yl.YFFPlayer.Example-iOS";
				PRODUCT_NAME = "$(TARGET_NAME)";
				SWIFT_EMIT_LOC_STRINGS = YES;
				SWIFT_VERSION = 5.0;
				TARGETED_DEVICE_FAMILY = "1,2";
			};
			name = Release;
		};
		030F843F2DE98F1C00C6CF04 /* Debug */ = {
			isa = XCBuildConfiguration;
			buildSettings = {
				ALWAYS_SEARCH_USER_PATHS = NO;
				ASSETCATALOG_COMPILER_GENERATE_SWIFT_ASSET_SYMBOL_EXTENSIONS = YES;
				CLANG_ANALYZER_NONNULL = YES;
				CLANG_ANALYZER_NUMBER_OBJECT_CONVERSION = YES_AGGRESSIVE;
				CLANG_CXX_LANGUAGE_STANDARD = "gnu++20";
				CLANG_ENABLE_MODULES = YES;
				CLANG_ENABLE_OBJC_ARC = YES;
				CLANG_ENABLE_OBJC_WEAK = YES;
				CLANG_WARN_BLOCK_CAPTURE_AUTORELEASING = YES;
				CLANG_WARN_BOOL_CONVERSION = YES;
				CLANG_WARN_COMMA = YES;
				CLANG_WARN_CONSTANT_CONVERSION = YES;
				CLANG_WARN_DEPRECATED_OBJC_IMPLEMENTATIONS = YES;
				CLANG_WARN_DIRECT_OBJC_ISA_USAGE = YES_ERROR;
				CLANG_WARN_DOCUMENTATION_COMMENTS = YES;
				CLANG_WARN_EMPTY_BODY = YES;
				CLANG_WARN_ENUM_CONVERSION = YES;
				CLANG_WARN_INFINITE_RECURSION = YES;
				CLANG_WARN_INT_CONVERSION = YES;
				CLANG_WARN_NON_LITERAL_NULL_CONVERSION = YES;
				CLANG_WARN_OBJC_IMPLICIT_RETAIN_SELF = YES;
				CLANG_WARN_OBJC_LITERAL_CONVERSION = YES;
				CLANG_WARN_OBJC_ROOT_CLASS = YES_ERROR;
				CLANG_WARN_QUOTED_INCLUDE_IN_FRAMEWORK_HEADER = YES;
				CLANG_WARN_RANGE_LOOP_ANALYSIS = YES;
				CLANG_WARN_STRICT_PROTOTYPES = YES;
				CLANG_WARN_SUSPICIOUS_MOVE = YES;
				CLANG_WARN_UNGUARDED_AVAILABILITY = YES_AGGRESSIVE;
				CLANG_WARN_UNREACHABLE_CODE = YES;
				CLANG_WARN__DUPLICATE_METHOD_MATCH = YES;
				COPY_PHASE_STRIP = NO;
				DEBUG_INFORMATION_FORMAT = dwarf;
				ENABLE_STRICT_OBJC_MSGSEND = YES;
				ENABLE_TESTABILITY = YES;
				ENABLE_USER_SCRIPT_SANDBOXING = YES;
				GCC_C_LANGUAGE_STANDARD = gnu17;
				GCC_DYNAMIC_NO_PIC = NO;
				GCC_NO_COMMON_BLOCKS = YES;
				GCC_OPTIMIZATION_LEVEL = 0;
				GCC_PREPROCESSOR_DEFINITIONS = (
					"DEBUG=1",
					"$(inherited)",
				);
				GCC_WARN_64_TO_32_BIT_CONVERSION = YES;
				GCC_WARN_ABOUT_RETURN_TYPE = YES_ERROR;
				GCC_WARN_UNDECLARED_SELECTOR = YES;
				GCC_WARN_UNINITIALIZED_AUTOS = YES_AGGRESSIVE;
				GCC_WARN_UNUSED_FUNCTION = YES;
				GCC_WARN_UNUSED_VARIABLE = YES;
				IPHONEOS_DEPLOYMENT_TARGET = 18.4;
				LOCALIZATION_PREFERS_STRING_CATALOGS = YES;
				MTL_ENABLE_DEBUG_INFO = INCLUDE_SOURCE;
				MTL_FAST_MATH = YES;
				ONLY_ACTIVE_ARCH = YES;
				SDKROOT = iphoneos;
				SWIFT_ACTIVE_COMPILATION_CONDITIONS = "DEBUG $(inherited)";
				SWIFT_OPTIMIZATION_LEVEL = "-Onone";
			};
			name = Debug;
		};
		030F84402DE98F1C00C6CF04 /* Release */ = {
			isa = XCBuildConfiguration;
			buildSettings = {
				ALWAYS_SEARCH_USER_PATHS = NO;
				ASSETCATALOG_COMPILER_GENERATE_SWIFT_ASSET_SYMBOL_EXTENSIONS = YES;
				CLANG_ANALYZER_NONNULL = YES;
				CLANG_ANALYZER_NUMBER_OBJECT_CONVERSION = YES_AGGRESSIVE;
				CLANG_CXX_LANGUAGE_STANDARD = "gnu++20";
				CLANG_ENABLE_MODULES = YES;
				CLANG_ENABLE_OBJC_ARC = YES;
				CLANG_ENABLE_OBJC_WEAK = YES;
				CLANG_WARN_BLOCK_CAPTURE_AUTORELEASING = YES;
				CLANG_WARN_BOOL_CONVERSION = YES;
				CLANG_WARN_COMMA = YES;
				CLANG_WARN_CONSTANT_CONVERSION = YES;
				CLANG_WARN_DEPRECATED_OBJC_IMPLEMENTATIONS = YES;
				CLANG_WARN_DIRECT_OBJC_ISA_USAGE = YES_ERROR;
				CLANG_WARN_DOCUMENTATION_COMMENTS = YES;
				CLANG_WARN_EMPTY_BODY = YES;
				CLANG_WARN_ENUM_CONVERSION = YES;
				CLANG_WARN_INFINITE_RECURSION = YES;
				CLANG_WARN_INT_CONVERSION = YES;
				CLANG_WARN_NON_LITERAL_NULL_CONVERSION = YES;
				CLANG_WARN_OBJC_IMPLICIT_RETAIN_SELF = YES;
				CLANG_WARN_OBJC_LITERAL_CONVERSION = YES;
				CLANG_WARN_OBJC_ROOT_CLASS = YES_ERROR;
				CLANG_WARN_QUOTED_INCLUDE_IN_FRAMEWORK_HEADER = YES;
				CLANG_WARN_RANGE_LOOP_ANALYSIS = YES;
				CLANG_WARN_STRICT_PROTOTYPES = YES;
				CLANG_WARN_SUSPICIOUS_MOVE = YES;
				CLANG_WARN_UNGUARDED_AVAILABILITY = YES_AGGRESSIVE;
				CLANG_WARN_UNREACHABLE_CODE = YES;
				CLANG_WARN__DUPLICATE_METHOD_MATCH = YES;
				COPY_PHASE_STRIP = NO;
				DEBUG_INFORMATION_FORMAT = "dwarf-with-dsym";
				ENABLE_NS_ASSERTIONS = NO;
				ENABLE_STRICT_OBJC_MSGSEND = YES;
				ENABLE_USER_SCRIPT_SANDBOXING = YES;
				GCC_C_LANGUAGE_STANDARD = gnu17;
				GCC_NO_COMMON_BLOCKS = YES;
				GCC_WARN_64_TO_32_BIT_CONVERSION = YES;
				GCC_WARN_ABOUT_RETURN_TYPE = YES_ERROR;
				GCC_WARN_UNDECLARED_SELECTOR = YES;
				GCC_WARN_UNINITIALIZED_AUTOS = YES_AGGRESSIVE;
				GCC_WARN_UNUSED_FUNCTION = YES;
				GCC_WARN_UNUSED_VARIABLE = YES;
				IPHONEOS_DEPLOYMENT_TARGET = 18.4;
				LOCALIZATION_PREFERS_STRING_CATALOGS = YES;
				MTL_ENABLE_DEBUG_INFO = NO;
				MTL_FAST_MATH = YES;
				SDKROOT = iphoneos;
				SWIFT_COMPILATION_MODE = wholemodule;
				VALIDATE_PRODUCT = YES;
			};
			name = Release;
		};
/* End XCBuildConfiguration section */

/* Begin XCConfigurationList section */
		030F84242DE98F1A00C6CF04 /* Build configuration list for PBXProject "Example-iOS" */ = {
			isa = XCConfigurationList;
			buildConfigurations = (
				030F843F2DE98F1C00C6CF04 /* Debug */,
				030F84402DE98F1C00C6CF04 /* Release */,
			);
			defaultConfigurationIsVisible = 0;
			defaultConfigurationName = Release;
		};
		030F843C2DE98F1C00C6CF04 /* Build configuration list for PBXNativeTarget "Example-iOS" */ = {
			isa = XCConfigurationList;
			buildConfigurations = (
				030F843D2DE98F1C00C6CF04 /* Debug */,
				030F843E2DE98F1C00C6CF04 /* Release */,
			);
			defaultConfigurationIsVisible = 0;
			defaultConfigurationName = Release;
		};
/* End XCConfigurationList section */
	};
	rootObject = 030F84212DE98F1A00C6CF04 /* Project object */;
}
